
Microsoft Visual Studio Solution File, Format Version 12.00
# Visual Studio Version 17
VisualStudioVersion = 17.14.36109.1 d17.14
MinimumVisualStudioVersion = 10.0.40219.1
Project("{FAE04EC0-301F-11D3-BF4B-00C04F79EFBC}") = "MyPaymentAcc", "MyPaymentAcc\MyPaymentAcc.csproj", "{12C83E13-7C59-42A5-B3F0-DB5E2A66DF9A}"
EndProject
Global
	GlobalSection(SolutionConfigurationPlatforms) = preSolution
		Debug|Any CPU = Debug|Any CPU
		Release|Any CPU = Release|Any CPU
	EndGlobalSection
	GlobalSection(ProjectConfigurationPlatforms) = postSolution
		{12C83E13-7C59-42A5-B3F0-DB5E2A66DF9A}.Debug|Any CPU.ActiveCfg = Debug|Any CPU
		{12C83E13-7C59-42A5-B3F0-DB5E2A66DF9A}.Debug|Any CPU.Build.0 = Debug|Any CPU
		{12C83E13-7C59-42A5-B3F0-DB5E2A66DF9A}.Release|Any CPU.ActiveCfg = Release|Any CPU
		{12C83E13-7C59-42A5-B3F0-DB5E2A66DF9A}.Release|Any CPU.Build.0 = Release|Any CPU
	EndGlobalSection
	GlobalSection(SolutionProperties) = preSolution
		HideSolutionNode = FALSE
	EndGlobalSection
	GlobalSection(ExtensibilityGlobals) = postSolution
		SolutionGuid = {98F6560C-D3DD-43B8-AD67-CF5974A5163A}
	EndGlobalSection
EndGlobal
